
Microsoft Visual Studio Solution File, Format Version 12.00
# Visual Studio Version 16
VisualStudioVersion = 16.0.29613.14
MinimumVisualStudioVersion = 10.0.40219.1
Project("{FAE04EC0-301F-11D3-BF4B-00C04F79EFBC}") = "DinosaursAndRobots", "DinosaursAndRobots\DinosaursAndRobots.csproj", "{E0BAEBFB-682D-4E04-BB95-D5DD7433B794}"
EndProject
Global
	GlobalSection(SolutionConfigurationPlatforms) = preSolution
		Debug|Any CPU = Debug|Any CPU
		Release|Any CPU = Release|Any CPU
	EndGlobalSection
	GlobalSection(ProjectConfigurationPlatforms) = postSolution
		{E0BAEBFB-682D-4E04-BB95-D5DD7433B794}.Debug|Any CPU.ActiveCfg = Debug|Any CPU
		{E0BAEBFB-682D-4E04-BB95-D5DD7433B794}.Debug|Any CPU.Build.0 = Debug|Any CPU
		{E0BAEBFB-682D-4E04-BB95-D5DD7433B794}.Release|Any CPU.ActiveCfg = Release|Any CPU
		{E0BAEBFB-682D-4E04-BB95-D5DD7433B794}.Release|Any CPU.Build.0 = Release|Any CPU
	EndGlobalSection
	GlobalSection(SolutionProperties) = preSolution
		HideSolutionNode = FALSE
	EndGlobalSection
	GlobalSection(ExtensibilityGlobals) = postSolution
		SolutionGuid = {CA9DCB63-5338-455F-9548-9176905D7C0C}
	EndGlobalSection
EndGlobal
